// !$*UTF8*$!
{
	archiveVersion = 1;
	classes = {
	};
	objectVersion = 46;
	objects = {

/* Begin PBXBuildFile section */
		5AA1538915A561080083E5C8 /* UIKit.framework in Frameworks */ = {isa = PBXBuildFile; fileRef = 5AA1538815A561080083E5C8 /* UIKit.framework */; };
		5AA1538B15A561080083E5C8 /* Foundation.framework in Frameworks */ = {isa = PBXBuildFile; fileRef = 5AA1538A15A561080083E5C8 /* Foundation.framework */; };
		5AA1538D15A561080083E5C8 /* CoreGraphics.framework in Frameworks */ = {isa = PBXBuildFile; fileRef = 5AA1538C15A561080083E5C8 /* CoreGraphics.framework */; };
		5AA1539315A561080083E5C8 /* InfoPlist.strings in Resources */ = {isa = PBXBuildFile; fileRef = 5AA1539115A561080083E5C8 /* InfoPlist.strings */; };
		5AA1539515A561080083E5C8 /* main.m in Sources */ = {isa = PBXBuildFile; fileRef = 5AA1539415A561080083E5C8 /* main.m */; };
		5AA1539915A561080083E5C8 /* AppDelegate.m in Sources */ = {isa = PBXBuildFile; fileRef = 5AA1539815A561080083E5C8 /* AppDelegate.m */; };
		5AA1539C15A561080083E5C8 /* MainStoryboard.storyboard in Resources */ = {isa = PBXBuildFile; fileRef = 5AA1539A15A561080083E5C8 /* MainStoryboard.storyboard */; };
		5AA1539F15A561080083E5C8 /* ViewController.m in Sources */ = {isa = PBXBuildFile; fileRef = 5AA1539E15A561080083E5C8 /* ViewController.m */; };
/* End PBXBuildFile section */

/* Begin PBXFileReference section */
		5AA1538415A561080083E5C8 /* BabyDiary.app */ = {isa = PBXFileReference; explicitFileType = wrapper.application; includeInIndex = 0; path = BabyDiary.app; sourceTree = BUILT_PRODUCTS_DIR; };
		5AA1538815A561080083E5C8 /* UIKit.framework */ = {isa = PBXFileReference; lastKnownFileType = wrapper.framework; name = UIKit.framework; path = System/Library/Frameworks/UIKit.framework; sourceTree = SDKROOT; };
		5AA1538A15A561080083E5C8 /* Foundation.framework */ = {isa = PBXFileReference; lastKnownFileType = wrapper.framework; name = Foundation.framework; path = System/Library/Frameworks/Foundation.framework; sourceTree = SDKROOT; };
		5AA1538C15A561080083E5C8 /* CoreGraphics.framework */ = {isa = PBXFileReference; lastKnownFileType = wrapper.framework; name = CoreGraphics.framework; path = System/Library/Frameworks/CoreGraphics.framework; sourceTree = SDKROOT; };
		5AA1539015A561080083E5C8 /* BabyDiary-Info.plist */ = {isa = PBXFileReference; path = "BabyDiary-Info.plist"; sourceTree = "<group>"; };
		5AA1539215A561080083E5C8 /* en */ = {isa = PBXFileReference; lastKnownFileType = text.plist.strings; name = en; path = en.lproj/InfoPlist.strings; sourceTree = "<group>"; };
		5AA1539415A561080083E5C8 /* main.m */ = {isa = PBXFileReference; lastKnownFileType = sourcecode.c.objc; path = main.m; sourceTree = "<group>"; };
		5AA1539615A561080083E5C8 /* BabyDiary-Prefix.pch */ = {isa = PBXFileReference; path = "BabyDiary-Prefix.pch"; sourceTree = "<group>"; };
		5AA1539715A561080083E5C8 /* AppDelegate.h */ = {isa = PBXFileReference; path = AppDelegate.h; sourceTree = "<group>"; };
		5AA1539815A561080083E5C8 /* AppDelegate.m */ = {isa = PBXFileReference; lastKnownFileType = sourcecode.c.objc; path = AppDelegate.m; sourceTree = "<group>"; };
		5AA1539B15A561080083E5C8 /* en */ = {isa = PBXFileReference; lastKnownFileType = file.storyboard; name = en; path = en.lproj/MainStoryboard.storyboard; sourceTree = "<group>"; };
		5AA1539D15A561080083E5C8 /* ViewController.h */ = {isa = PBXFileReference; path = ViewController.h; sourceTree = "<group>"; };
		5AA1539E15A561080083E5C8 /* ViewController.m */ = {isa = PBXFileReference; lastKnownFileType = sourcecode.c.objc; path = ViewController.m; sourceTree = "<group>"; };
/* End PBXFileReference section */

/* Begin PBXFrameworksBuildPhase section */
		5AA1538115A561080083E5C8 /* Frameworks */ = {
			isa = PBXFrameworksBuildPhase;
			buildActionMask = 2147483647;
			files = (
				5AA1538915A561080083E5C8 /* UIKit.framework in Frameworks */,
				5AA1538B15A561080083E5C8 /* Foundation.framework in Frameworks */,
				5AA1538D15A561080083E5C8 /* CoreGraphics.framework in Frameworks */,
			);
			runOnlyForDeploymentPostprocessing = 0;
		};
/* End PBXFrameworksBuildPhase section */

/* Begin PBXGroup section */
		5AA1537915A561070083E5C8 = {
			isa = PBXGroup;
			children = (
				5AA1538E15A561080083E5C8 /* BabyDiary */,
				5AA1538715A561080083E5C8 /* Frameworks */,
				5AA1538515A561080083E5C8 /* Products */,
			);
			sourceTree = "<group>";
		};
		5AA1538515A561080083E5C8 /* Products */ = {
			isa = PBXGroup;
			children = (
				5AA1538415A561080083E5C8 /* BabyDiary.app */,
			);
			name = Products;
			sourceTree = "<group>";
		};
		5AA1538715A561080083E5C8 /* Frameworks */ = {
			isa = PBXGroup;
			children = (
				5AA1538815A561080083E5C8 /* UIKit.framework */,
				5AA1538A15A561080083E5C8 /* Foundation.framework */,
				5AA1538C15A561080083E5C8 /* CoreGraphics.framework */,
			);
			name = Frameworks;
			sourceTree = "<group>";
		};
		5AA1538E15A561080083E5C8 /* BabyDiary */ = {
			isa = PBXGroup;
			children = (
				5AA1539715A561080083E5C8 /* AppDelegate.h */,
				5AA1539815A561080083E5C8 /* AppDelegate.m */,
				5AA1539A15A561080083E5C8 /* MainStoryboard.storyboard */,
				5AA1539D15A561080083E5C8 /* ViewController.h */,
				5AA1539E15A561080083E5C8 /* ViewController.m */,
				5AA1538F15A561080083E5C8 /* Supporting Files */,
			);
			path = BabyDiary;
			sourceTree = "<group>";
		};
		5AA1538F15A561080083E5C8 /* Supporting Files */ = {
			isa = PBXGroup;
			children = (
				5AA1539015A561080083E5C8 /* BabyDiary-Info.plist */,
				5AA1539115A561080083E5C8 /* InfoPlist.strings */,
				5AA1539415A561080083E5C8 /* main.m */,
				5AA1539615A561080083E5C8 /* BabyDiary-Prefix.pch */,
			);
			name = "Supporting Files";
			sourceTree = "<group>";
		};
/* End PBXGroup section */

/* Begin PBXNativeTarget section */
		5AA1538315A561080083E5C8 /* BabyDiary */ = {
			isa = PBXNativeTarget;
			buildConfigurationList = 5AA153A215A561080083E5C8 /* Build configuration list for PBXNativeTarget "BabyDiary" */;
			buildPhases = (
				5AA1538015A561080083E5C8 /* Sources */,
				5AA1538115A561080083E5C8 /* Frameworks */,
				5AA1538215A561080083E5C8 /* Resources */,
			);
			buildRules = (
			);
			dependencies = (
			);
			name = BabyDiary;
			productName = BabyDiary;
			productReference = 5AA1538415A561080083E5C8 /* BabyDiary.app */;
			productType = "com.apple.product-type.application";
		};
/* End PBXNativeTarget section */

/* Begin PBXProject section */
		5AA1537B15A561070083E5C8 /* Project object */ = {
			isa = PBXProject;
			attributes = {
				LastUpgradeCheck = 0430;
			};
			buildConfigurationList = 5AA1537E15A561070083E5C8 /* Build configuration list for PBXProject "BabyDiary" */;
			compatibilityVersion = "Xcode 3.2";
			developmentRegion = English;
			hasScannedForEncodings = 0;
			knownRegions = (
				en,
			);
			mainGroup = 5AA1537915A561070083E5C8;
			productRefGroup = 5AA1538515A561080083E5C8 /* Products */;
			projectDirPath = "";
			projectRoot = "";
			targets = (
				5AA1538315A561080083E5C8 /* BabyDiary */,
			);
		};
/* End PBXProject section */

/* Begin PBXResourcesBuildPhase section */
		5AA1538215A561080083E5C8 /* Resources */ = {
			isa = PBXResourcesBuildPhase;
			buildActionMask = 2147483647;
			files = (
				5AA1539315A561080083E5C8 /* InfoPlist.strings in Resources */,
				5AA1539C15A561080083E5C8 /* MainStoryboard.storyboard in Resources */,
			);
			runOnlyForDeploymentPostprocessing = 0;
		};
/* End PBXResourcesBuildPhase section */

/* Begin PBXSourcesBuildPhase section */
		5AA1538015A561080083E5C8 /* Sources */ = {
			isa = PBXSourcesBuildPhase;
			buildActionMask = 2147483647;
			files = (
				5AA1539515A561080083E5C8 /* main.m in Sources */,
				5AA1539915A561080083E5C8 /* AppDelegate.m in Sources */,
				5AA1539F15A561080083E5C8 /* ViewController.m in Sources */,
			);
			runOnlyForDeploymentPostprocessing = 0;
		};
/* End PBXSourcesBuildPhase section */

/* Begin PBXVariantGroup section */
		5AA1539115A561080083E5C8 /* InfoPlist.strings */ = {
			isa = PBXVariantGroup;
			children = (
				5AA1539215A561080083E5C8 /* en */,
			);
			name = InfoPlist.strings;
			sourceTree = "<group>";
		};
		5AA1539A15A561080083E5C8 /* MainStoryboard.storyboard */ = {
			isa = PBXVariantGroup;
			children = (
				5AA1539B15A561080083E5C8 /* en */,
			);
			name = MainStoryboard.storyboard;
			sourceTree = "<group>";
		};
/* End PBXVariantGroup section */

/* Begin XCBuildConfiguration section */
		5AA153A015A561080083E5C8 /* Debug */ = {
			isa = XCBuildConfiguration;
			buildSettings = {
				ALWAYS_SEARCH_USER_PATHS = NO;
				ARCHS = "$(ARCHS_STANDARD_32_BIT)";
				CLANG_ENABLE_OBJC_ARC = YES;
				"CODE_SIGN_IDENTITY[sdk=iphoneos*]" = "iPhone Developer";
				COPY_PHASE_STRIP = NO;
				GCC_C_LANGUAGE_STANDARD = gnu99;
				GCC_DYNAMIC_NO_PIC = NO;
				GCC_OPTIMIZATION_LEVEL = 0;
				GCC_PREPROCESSOR_DEFINITIONS = (
					"DEBUG=1",
					"$(inherited)",
				);
				GCC_SYMBOLS_PRIVATE_EXTERN = NO;
				GCC_VERSION = com.apple.compilers.llvm.clang.1_0;
				GCC_WARN_ABOUT_RETURN_TYPE = YES;
				GCC_WARN_UNINITIALIZED_AUTOS = YES;
				GCC_WARN_UNUSED_VARIABLE = YES;
				IPHONEOS_DEPLOYMENT_TARGET = 5.1;
				SDKROOT = iphoneos;
			};
			name = Debug;
		};
		5AA153A115A561080083E5C8 /* Release */ = {
			isa = XCBuildConfiguration;
			buildSettings = {
				ALWAYS_SEARCH_USER_PATHS = NO;
				ARCHS = "$(ARCHS_STANDARD_32_BIT)";
				CLANG_ENABLE_OBJC_ARC = YES;
				"CODE_SIGN_IDENTITY[sdk=iphoneos*]" = "iPhone Developer";
				COPY_PHASE_STRIP = YES;
				GCC_C_LANGUAGE_STANDARD = gnu99;
				GCC_VERSION = com.apple.compilers.llvm.clang.1_0;
				GCC_WARN_ABOUT_RETURN_TYPE = YES;
				GCC_WARN_UNINITIALIZED_AUTOS = YES;
				GCC_WARN_UNUSED_VARIABLE = YES;
				IPHONEOS_DEPLOYMENT_TARGET = 5.1;
				OTHER_CFLAGS = "-DNS_BLOCK_ASSERTIONS=1";
				SDKROOT = iphoneos;
				VALIDATE_PRODUCT = YES;
			};
			name = Release;
		};
		5AA153A315A561080083E5C8 /* Debug */ = {
			isa = XCBuildConfiguration;
			buildSettings = {
				GCC_PRECOMPILE_PREFIX_HEADER = YES;
				GCC_PREFIX_HEADER = "BabyDiary/BabyDiary-Prefix.pch";
				INFOPLIST_FILE = "BabyDiary/BabyDiary-Info.plist";
				PRODUCT_NAME = "$(TARGET_NAME)";
				WRAPPER_EXTENSION = app;
			};
			name = Debug;
		};
		5AA153A415A561080083E5C8 /* Release */ = {
			isa = XCBuildConfiguration;
			buildSettings = {
				GCC_PRECOMPILE_PREFIX_HEADER = YES;
				GCC_PREFIX_HEADER = "BabyDiary/BabyDiary-Prefix.pch";
				INFOPLIST_FILE = "BabyDiary/BabyDiary-Info.plist";
				PRODUCT_NAME = "$(TARGET_NAME)";
				WRAPPER_EXTENSION = app;
			};
			name = Release;
		};
/* End XCBuildConfiguration section */

/* Begin XCConfigurationList section */
		5AA1537E15A561070083E5C8 /* Build configuration list for PBXProject "BabyDiary" */ = {
			isa = XCConfigurationList;
			buildConfigurations = (
				5AA153A015A561080083E5C8 /* Debug */,
				5AA153A115A561080083E5C8 /* Release */,
			);
			defaultConfigurationIsVisible = 0;
			defaultConfigurationName = Release;
		};
		5AA153A215A561080083E5C8 /* Build configuration list for PBXNativeTarget "BabyDiary" */ = {
			isa = XCConfigurationList;
			buildConfigurations = (
				5AA153A315A561080083E5C8 /* Debug */,
				5AA153A415A561080083E5C8 /* Release */,
			);
			defaultConfigurationIsVisible = 0;
		};
/* End XCConfigurationList section */
	};
	rootObject = 5AA1537B15A561070083E5C8 /* Project object */;
}
